[root]
name = "piserverrust"
version = "0.0.1"
dependencies = [
 "capnp 0.2.5 (registry+https://github.com/rust-lang/crates.io-index)",
 "piservercore 0.0.1 (git+https://github.com/kylekewley/piservercore.git)",
]

[[package]]
name = "bufstream"
version = "0.1.1"
source = "registry+https://github.com/rust-lang/crates.io-index"

[[package]]
name = "byteorder"
version = "0.3.13"
source = "registry+https://github.com/rust-lang/crates.io-index"

[[package]]
name = "capnp"
version = "0.2.5"
source = "registry+https://github.com/rust-lang/crates.io-index"
dependencies = [
 "byteorder 0.3.13 (registry+https://github.com/rust-lang/crates.io-index)",
]

[[package]]
name = "piservercore"
version = "0.0.1"
source = "git+https://github.com/kylekewley/piservercore.git#d08a5af0f7862356aff3b5ffcc5e7b9ec39e1659"
dependencies = [
 "bufstream 0.1.1 (registry+https://github.com/rust-lang/crates.io-index)",
 "rustc-serialize 0.3.16 (registry+https://github.com/rust-lang/crates.io-index)",
]

[[package]]
name = "rustc-serialize"
version = "0.3.16"
source = "registry+https://github.com/rust-lang/crates.io-index"

